# This is a Gradle generated file for dependency locking.
# Manual edits can break the build and are not advised.
# This file is expected to be part of source control.
com.h2database:h2:2.2.224=compileClasspath
org.jetbrains.kotlin:kotlin-stdlib:1.9.20=compileClasspath
org.jetbrains:annotations:13.0=compileClasspath
org.slf4j:slf4j-api:2.0.9=compileClasspath
empty=
