# This is a Gradle generated file for dependency locking.
# Manual edits can break the build and are not advised.
# This file is expected to be part of source control.
com.google.protobuf:protobuf-java:3.21.9=runtimeClasspath
com.mysql:mysql-connector-j:8.2.0=runtimeClasspath
org.jetbrains.kotlin:kotlin-stdlib:1.9.20=compileClasspath,runtimeClasspath
org.jetbrains:annotations:13.0=compileClasspath,runtimeClasspath
org.slf4j:slf4j-api:2.0.9=compileClasspath,runtimeClasspath
empty=
